// !$*UTF8*$!
{
	archiveVersion = 1;
	classes = {
	};
	objectVersion = 46;
	objects = {

/* Begin PBXBuildFile section */
		D288D0331B7BA642006B7DF5 /* AppDelegate.swift in Sources */ = {isa = PBXBuildFile; fileRef = D288D0321B7BA642006B7DF5 /* AppDelegate.swift */; };
		D288D0351B7BA642006B7DF5 /* GameScene.sks in Resources */ = {isa = PBXBuildFile; fileRef = D288D0341B7BA642006B7DF5 /* GameScene.sks */; };
		D288D0371B7BA642006B7DF5 /* GameScene.swift in Sources */ = {isa = PBXBuildFile; fileRef = D288D0361B7BA642006B7DF5 /* GameScene.swift */; };
		D288D0391B7BA642006B7DF5 /* GameViewController.swift in Sources */ = {isa = PBXBuildFile; fileRef = D288D0381B7BA642006B7DF5 /* GameViewController.swift */; };
		D288D03C1B7BA642006B7DF5 /* Main.storyboard in Resources */ = {isa = PBXBuildFile; fileRef = D288D03A1B7BA642006B7DF5 /* Main.storyboard */; };
		D288D03E1B7BA642006B7DF5 /* Images.xcassets in Resources */ = {isa = PBXBuildFile; fileRef = D288D03D1B7BA642006B7DF5 /* Images.xcassets */; };
		D288D0411B7BA642006B7DF5 /* LaunchScreen.xib in Resources */ = {isa = PBXBuildFile; fileRef = D288D03F1B7BA642006B7DF5 /* LaunchScreen.xib */; };
		D288D04D1B7BA642006B7DF5 /* space_invader_sprite_kitTests.swift in Sources */ = {isa = PBXBuildFile; fileRef = D288D04C1B7BA642006B7DF5 /* space_invader_sprite_kitTests.swift */; };
		D288D0571B7BA761006B7DF5 /* StartGameScene.swift in Sources */ = {isa = PBXBuildFile; fileRef = D288D0561B7BA761006B7DF5 /* StartGameScene.swift */; };
		D288D0661B7BAA1F006B7DF5 /* CONQUEST.ttf in Resources */ = {isa = PBXBuildFile; fileRef = D288D0591B7BAA1F006B7DF5 /* CONQUEST.ttf */; };
		D288D0671B7BAA1F006B7DF5 /* invader1.png in Resources */ = {isa = PBXBuildFile; fileRef = D288D05A1B7BAA1F006B7DF5 /* invader1.png */; };
		D288D0681B7BAA1F006B7DF5 /* invader2.png in Resources */ = {isa = PBXBuildFile; fileRef = D288D05B1B7BAA1F006B7DF5 /* invader2.png */; };
		D288D0691B7BAA1F006B7DF5 /* invader3.png in Resources */ = {isa = PBXBuildFile; fileRef = D288D05C1B7BAA1F006B7DF5 /* invader3.png */; };
		D288D06A1B7BAA1F006B7DF5 /* laser.mp3 in Resources */ = {isa = PBXBuildFile; fileRef = D288D05D1B7BAA1F006B7DF5 /* laser.mp3 */; };
		D288D06B1B7BAA1F006B7DF5 /* laser.png in Resources */ = {isa = PBXBuildFile; fileRef = D288D05E1B7BAA1F006B7DF5 /* laser.png */; };
		D288D06C1B7BAA1F006B7DF5 /* newgamebtn.png in Resources */ = {isa = PBXBuildFile; fileRef = D288D05F1B7BAA1F006B7DF5 /* newgamebtn.png */; };
		D288D06D1B7BAA1F006B7DF5 /* nextlevelbtn.png in Resources */ = {isa = PBXBuildFile; fileRef = D288D0601B7BAA1F006B7DF5 /* nextlevelbtn.png */; };
		D288D06E1B7BAA1F006B7DF5 /* player1.png in Resources */ = {isa = PBXBuildFile; fileRef = D288D0611B7BAA1F006B7DF5 /* player1.png */; };
		D288D06F1B7BAA1F006B7DF5 /* player2.png in Resources */ = {isa = PBXBuildFile; fileRef = D288D0621B7BAA1F006B7DF5 /* player2.png */; };
		D288D0701B7BAA1F006B7DF5 /* star.png in Resources */ = {isa = PBXBuildFile; fileRef = D288D0631B7BAA1F006B7DF5 /* star.png */; };
		D288D0711B7BAA1F006B7DF5 /* start_btn.png in Resources */ = {isa = PBXBuildFile; fileRef = D288D0641B7BAA1F006B7DF5 /* start_btn.png */; };
		D288D0721B7BAA1F006B7DF5 /* ufo.png in Resources */ = {isa = PBXBuildFile; fileRef = D288D0651B7BAA1F006B7DF5 /* ufo.png */; };
/* End PBXBuildFile section */

/* Begin PBXContainerItemProxy section */
		D288D0471B7BA642006B7DF5 /* PBXContainerItemProxy */ = {
			isa = PBXContainerItemProxy;
			containerPortal = D288D0251B7BA642006B7DF5 /* Project object */;
			proxyType = 1;
			remoteGlobalIDString = D288D02C1B7BA642006B7DF5;
			remoteInfo = "space-invader-sprite-kit";
		};
/* End PBXContainerItemProxy section */

/* Begin PBXFileReference section */
		D288D02D1B7BA642006B7DF5 /* space-invader-sprite-kit.app */ = {isa = PBXFileReference; explicitFileType = wrapper.application; includeInIndex = 0; path = "space-invader-sprite-kit.app"; sourceTree = BUILT_PRODUCTS_DIR; };
		D288D0311B7BA642006B7DF5 /* Info.plist */ = {isa = PBXFileReference; lastKnownFileType = text.plist.xml; path = Info.plist; sourceTree = "<group>"; };
		D288D0321B7BA642006B7DF5 /* AppDelegate.swift */ = {isa = PBXFileReference; lastKnownFileType = sourcecode.swift; path = AppDelegate.swift; sourceTree = "<group>"; };
		D288D0341B7BA642006B7DF5 /* GameScene.sks */ = {isa = PBXFileReference; lastKnownFileType = file.sks; path = GameScene.sks; sourceTree = "<group>"; };
		D288D0361B7BA642006B7DF5 /* GameScene.swift */ = {isa = PBXFileReference; lastKnownFileType = sourcecode.swift; path = GameScene.swift; sourceTree = "<group>"; };
		D288D0381B7BA642006B7DF5 /* GameViewController.swift */ = {isa = PBXFileReference; lastKnownFileType = sourcecode.swift; path = GameViewController.swift; sourceTree = "<group>"; };
		D288D03B1B7BA642006B7DF5 /* Base */ = {isa = PBXFileReference; lastKnownFileType = file.storyboard; name = Base; path = Base.lproj/Main.storyboard; sourceTree = "<group>"; };
		D288D03D1B7BA642006B7DF5 /* Images.xcassets */ = {isa = PBXFileReference; lastKnownFileType = folder.assetcatalog; path = Images.xcassets; sourceTree = "<group>"; };
		D288D0401B7BA642006B7DF5 /* Base */ = {isa = PBXFileReference; lastKnownFileType = file.xib; name = Base; path = Base.lproj/LaunchScreen.xib; sourceTree = "<group>"; };
		D288D0461B7BA642006B7DF5 /* space-invader-sprite-kitTests.xctest */ = {isa = PBXFileReference; explicitFileType = wrapper.cfbundle; includeInIndex = 0; path = "space-invader-sprite-kitTests.xctest"; sourceTree = BUILT_PRODUCTS_DIR; };
		D288D04B1B7BA642006B7DF5 /* Info.plist */ = {isa = PBXFileReference; lastKnownFileType = text.plist.xml; path = Info.plist; sourceTree = "<group>"; };
		D288D04C1B7BA642006B7DF5 /* space_invader_sprite_kitTests.swift */ = {isa = PBXFileReference; lastKnownFileType = sourcecode.swift; path = space_invader_sprite_kitTests.swift; sourceTree = "<group>"; };
		D288D0561B7BA761006B7DF5 /* StartGameScene.swift */ = {isa = PBXFileReference; fileEncoding = 4; lastKnownFileType = sourcecode.swift; path = StartGameScene.swift; sourceTree = "<group>"; };
		D288D0591B7BAA1F006B7DF5 /* CONQUEST.ttf */ = {isa = PBXFileReference; lastKnownFileType = file; path = CONQUEST.ttf; sourceTree = "<group>"; };
		D288D05A1B7BAA1F006B7DF5 /* invader1.png */ = {isa = PBXFileReference; lastKnownFileType = image.png; path = invader1.png; sourceTree = "<group>"; };
		D288D05B1B7BAA1F006B7DF5 /* invader2.png */ = {isa = PBXFileReference; lastKnownFileType = image.png; path = invader2.png; sourceTree = "<group>"; };
		D288D05C1B7BAA1F006B7DF5 /* invader3.png */ = {isa = PBXFileReference; lastKnownFileType = image.png; path = invader3.png; sourceTree = "<group>"; };
		D288D05D1B7BAA1F006B7DF5 /* laser.mp3 */ = {isa = PBXFileReference; lastKnownFileType = audio.mp3; path = laser.mp3; sourceTree = "<group>"; };
		D288D05E1B7BAA1F006B7DF5 /* laser.png */ = {isa = PBXFileReference; lastKnownFileType = image.png; path = laser.png; sourceTree = "<group>"; };
		D288D05F1B7BAA1F006B7DF5 /* newgamebtn.png */ = {isa = PBXFileReference; lastKnownFileType = image.png; path = newgamebtn.png; sourceTree = "<group>"; };
		D288D0601B7BAA1F006B7DF5 /* nextlevelbtn.png */ = {isa = PBXFileReference; lastKnownFileType = image.png; path = nextlevelbtn.png; sourceTree = "<group>"; };
		D288D0611B7BAA1F006B7DF5 /* player1.png */ = {isa = PBXFileReference; lastKnownFileType = image.png; path = player1.png; sourceTree = "<group>"; };
		D288D0621B7BAA1F006B7DF5 /* player2.png */ = {isa = PBXFileReference; lastKnownFileType = image.png; path = player2.png; sourceTree = "<group>"; };
		D288D0631B7BAA1F006B7DF5 /* star.png */ = {isa = PBXFileReference; lastKnownFileType = image.png; path = star.png; sourceTree = "<group>"; };
		D288D0641B7BAA1F006B7DF5 /* start_btn.png */ = {isa = PBXFileReference; lastKnownFileType = image.png; path = start_btn.png; sourceTree = "<group>"; };
		D288D0651B7BAA1F006B7DF5 /* ufo.png */ = {isa = PBXFileReference; lastKnownFileType = image.png; path = ufo.png; sourceTree = "<group>"; };
/* End PBXFileReference section */

/* Begin PBXFrameworksBuildPhase section */
		D288D02A1B7BA642006B7DF5 /* Frameworks */ = {
			isa = PBXFrameworksBuildPhase;
			buildActionMask = 2147483647;
			files = (
			);
			runOnlyForDeploymentPostprocessing = 0;
		};
		D288D0431B7BA642006B7DF5 /* Frameworks */ = {
			isa = PBXFrameworksBuildPhase;
			buildActionMask = 2147483647;
			files = (
			);
			runOnlyForDeploymentPostprocessing = 0;
		};
/* End PBXFrameworksBuildPhase section */

/* Begin PBXGroup section */
		D288D0241B7BA642006B7DF5 = {
			isa = PBXGroup;
			children = (
				D288D0581B7BAA1F006B7DF5 /* images */,
				D288D02F1B7BA642006B7DF5 /* space-invader-sprite-kit */,
				D288D0491B7BA642006B7DF5 /* space-invader-sprite-kitTests */,
				D288D02E1B7BA642006B7DF5 /* Products */,
			);
			sourceTree = "<group>";
		};
		D288D02E1B7BA642006B7DF5 /* Products */ = {
			isa = PBXGroup;
			children = (
				D288D02D1B7BA642006B7DF5 /* space-invader-sprite-kit.app */,
				D288D0461B7BA642006B7DF5 /* space-invader-sprite-kitTests.xctest */,
			);
			name = Products;
			sourceTree = "<group>";
		};
		D288D02F1B7BA642006B7DF5 /* space-invader-sprite-kit */ = {
			isa = PBXGroup;
			children = (
				D288D0321B7BA642006B7DF5 /* AppDelegate.swift */,
				D288D0341B7BA642006B7DF5 /* GameScene.sks */,
				D288D0361B7BA642006B7DF5 /* GameScene.swift */,
				D288D0381B7BA642006B7DF5 /* GameViewController.swift */,
				D288D0561B7BA761006B7DF5 /* StartGameScene.swift */,
				D288D03A1B7BA642006B7DF5 /* Main.storyboard */,
				D288D03D1B7BA642006B7DF5 /* Images.xcassets */,
				D288D03F1B7BA642006B7DF5 /* LaunchScreen.xib */,
				D288D0301B7BA642006B7DF5 /* Supporting Files */,
			);
			path = "space-invader-sprite-kit";
			sourceTree = "<group>";
		};
		D288D0301B7BA642006B7DF5 /* Supporting Files */ = {
			isa = PBXGroup;
			children = (
				D288D0311B7BA642006B7DF5 /* Info.plist */,
			);
			name = "Supporting Files";
			sourceTree = "<group>";
		};
		D288D0491B7BA642006B7DF5 /* space-invader-sprite-kitTests */ = {
			isa = PBXGroup;
			children = (
				D288D04C1B7BA642006B7DF5 /* space_invader_sprite_kitTests.swift */,
				D288D04A1B7BA642006B7DF5 /* Supporting Files */,
			);
			path = "space-invader-sprite-kitTests";
			sourceTree = "<group>";
		};
		D288D04A1B7BA642006B7DF5 /* Supporting Files */ = {
			isa = PBXGroup;
			children = (
				D288D04B1B7BA642006B7DF5 /* Info.plist */,
			);
			name = "Supporting Files";
			sourceTree = "<group>";
		};
		D288D0581B7BAA1F006B7DF5 /* images */ = {
			isa = PBXGroup;
			children = (
				D288D0591B7BAA1F006B7DF5 /* CONQUEST.ttf */,
				D288D05A1B7BAA1F006B7DF5 /* invader1.png */,
				D288D05B1B7BAA1F006B7DF5 /* invader2.png */,
				D288D05C1B7BAA1F006B7DF5 /* invader3.png */,
				D288D05D1B7BAA1F006B7DF5 /* laser.mp3 */,
				D288D05E1B7BAA1F006B7DF5 /* laser.png */,
				D288D05F1B7BAA1F006B7DF5 /* newgamebtn.png */,
				D288D0601B7BAA1F006B7DF5 /* nextlevelbtn.png */,
				D288D0611B7BAA1F006B7DF5 /* player1.png */,
				D288D0621B7BAA1F006B7DF5 /* player2.png */,
				D288D0631B7BAA1F006B7DF5 /* star.png */,
				D288D0641B7BAA1F006B7DF5 /* start_btn.png */,
				D288D0651B7BAA1F006B7DF5 /* ufo.png */,
			);
			path = images;
			sourceTree = "<group>";
		};
/* End PBXGroup section */

/* Begin PBXNativeTarget section */
		D288D02C1B7BA642006B7DF5 /* space-invader-sprite-kit */ = {
			isa = PBXNativeTarget;
			buildConfigurationList = D288D0501B7BA642006B7DF5 /* Build configuration list for PBXNativeTarget "space-invader-sprite-kit" */;
			buildPhases = (
				D288D0291B7BA642006B7DF5 /* Sources */,
				D288D02A1B7BA642006B7DF5 /* Frameworks */,
				D288D02B1B7BA642006B7DF5 /* Resources */,
			);
			buildRules = (
			);
			dependencies = (
			);
			name = "space-invader-sprite-kit";
			productName = "space-invader-sprite-kit";
			productReference = D288D02D1B7BA642006B7DF5 /* space-invader-sprite-kit.app */;
			productType = "com.apple.product-type.application";
		};
		D288D0451B7BA642006B7DF5 /* space-invader-sprite-kitTests */ = {
			isa = PBXNativeTarget;
			buildConfigurationList = D288D0531B7BA642006B7DF5 /* Build configuration list for PBXNativeTarget "space-invader-sprite-kitTests" */;
			buildPhases = (
				D288D0421B7BA642006B7DF5 /* Sources */,
				D288D0431B7BA642006B7DF5 /* Frameworks */,
				D288D0441B7BA642006B7DF5 /* Resources */,
			);
			buildRules = (
			);
			dependencies = (
				D288D0481B7BA642006B7DF5 /* PBXTargetDependency */,
			);
			name = "space-invader-sprite-kitTests";
			productName = "space-invader-sprite-kitTests";
			productReference = D288D0461B7BA642006B7DF5 /* space-invader-sprite-kitTests.xctest */;
			productType = "com.apple.product-type.bundle.unit-test";
		};
/* End PBXNativeTarget section */

/* Begin PBXProject section */
		D288D0251B7BA642006B7DF5 /* Project object */ = {
			isa = PBXProject;
			attributes = {
				LastUpgradeCheck = 0640;
				ORGANIZATIONNAME = kofway;
				TargetAttributes = {
					D288D02C1B7BA642006B7DF5 = {
						CreatedOnToolsVersion = 6.4;
					};
					D288D0451B7BA642006B7DF5 = {
						CreatedOnToolsVersion = 6.4;
						TestTargetID = D288D02C1B7BA642006B7DF5;
					};
				};
			};
			buildConfigurationList = D288D0281B7BA642006B7DF5 /* Build configuration list for PBXProject "space-invader-sprite-kit" */;
			compatibilityVersion = "Xcode 3.2";
			developmentRegion = English;
			hasScannedForEncodings = 0;
			knownRegions = (
				en,
				Base,
			);
			mainGroup = D288D0241B7BA642006B7DF5;
			productRefGroup = D288D02E1B7BA642006B7DF5 /* Products */;
			projectDirPath = "";
			projectRoot = "";
			targets = (
				D288D02C1B7BA642006B7DF5 /* space-invader-sprite-kit */,
				D288D0451B7BA642006B7DF5 /* space-invader-sprite-kitTests */,
			);
		};
/* End PBXProject section */

/* Begin PBXResourcesBuildPhase section */
		D288D02B1B7BA642006B7DF5 /* Resources */ = {
			isa = PBXResourcesBuildPhase;
			buildActionMask = 2147483647;
			files = (
				D288D0661B7BAA1F006B7DF5 /* CONQUEST.ttf in Resources */,
				D288D0711B7BAA1F006B7DF5 /* start_btn.png in Resources */,
				D288D0671B7BAA1F006B7DF5 /* invader1.png in Resources */,
				D288D06A1B7BAA1F006B7DF5 /* laser.mp3 in Resources */,
				D288D0411B7BA642006B7DF5 /* LaunchScreen.xib in Resources */,
				D288D06C1B7BAA1F006B7DF5 /* newgamebtn.png in Resources */,
				D288D0691B7BAA1F006B7DF5 /* invader3.png in Resources */,
				D288D03E1B7BA642006B7DF5 /* Images.xcassets in Resources */,
				D288D06F1B7BAA1F006B7DF5 /* player2.png in Resources */,
				D288D0721B7BAA1F006B7DF5 /* ufo.png in Resources */,
				D288D0351B7BA642006B7DF5 /* GameScene.sks in Resources */,
				D288D03C1B7BA642006B7DF5 /* Main.storyboard in Resources */,
				D288D0681B7BAA1F006B7DF5 /* invader2.png in Resources */,
				D288D0701B7BAA1F006B7DF5 /* star.png in Resources */,
				D288D06D1B7BAA1F006B7DF5 /* nextlevelbtn.png in Resources */,
				D288D06B1B7BAA1F006B7DF5 /* laser.png in Resources */,
				D288D06E1B7BAA1F006B7DF5 /* player1.png in Resources */,
			);
			runOnlyForDeploymentPostprocessing = 0;
		};
		D288D0441B7BA642006B7DF5 /* Resources */ = {
			isa = PBXResourcesBuildPhase;
			buildActionMask = 2147483647;
			files = (
			);
			runOnlyForDeploymentPostprocessing = 0;
		};
/* End PBXResourcesBuildPhase section */

/* Begin PBXSourcesBuildPhase section */
		D288D0291B7BA642006B7DF5 /* Sources */ = {
			isa = PBXSourcesBuildPhase;
			buildActionMask = 2147483647;
			files = (
				D288D0371B7BA642006B7DF5 /* GameScene.swift in Sources */,
				D288D0571B7BA761006B7DF5 /* StartGameScene.swift in Sources */,
				D288D0391B7BA642006B7DF5 /* GameViewController.swift in Sources */,
				D288D0331B7BA642006B7DF5 /* AppDelegate.swift in Sources */,
			);
			runOnlyForDeploymentPostprocessing = 0;
		};
		D288D0421B7BA642006B7DF5 /* Sources */ = {
			isa = PBXSourcesBuildPhase;
			buildActionMask = 2147483647;
			files = (
				D288D04D1B7BA642006B7DF5 /* space_invader_sprite_kitTests.swift in Sources */,
			);
			runOnlyForDeploymentPostprocessing = 0;
		};
/* End PBXSourcesBuildPhase section */

/* Begin PBXTargetDependency section */
		D288D0481B7BA642006B7DF5 /* PBXTargetDependency */ = {
			isa = PBXTargetDependency;
			target = D288D02C1B7BA642006B7DF5 /* space-invader-sprite-kit */;
			targetProxy = D288D0471B7BA642006B7DF5 /* PBXContainerItemProxy */;
		};
/* End PBXTargetDependency section */

/* Begin PBXVariantGroup section */
		D288D03A1B7BA642006B7DF5 /* Main.storyboard */ = {
			isa = PBXVariantGroup;
			children = (
				D288D03B1B7BA642006B7DF5 /* Base */,
			);
			name = Main.storyboard;
			sourceTree = "<group>";
		};
		D288D03F1B7BA642006B7DF5 /* LaunchScreen.xib */ = {
			isa = PBXVariantGroup;
			children = (
				D288D0401B7BA642006B7DF5 /* Base */,
			);
			name = LaunchScreen.xib;
			sourceTree = "<group>";
		};
/* End PBXVariantGroup section */

/* Begin XCBuildConfiguration section */
		D288D04E1B7BA642006B7DF5 /* Debug */ = {
			isa = XCBuildConfiguration;
			buildSettings = {
				ALWAYS_SEARCH_USER_PATHS = NO;
				CLANG_CXX_LANGUAGE_STANDARD = "gnu++0x";
				CLANG_CXX_LIBRARY = "libc++";
				CLANG_ENABLE_MODULES = YES;
				CLANG_ENABLE_OBJC_ARC = YES;
				CLANG_WARN_BOOL_CONVERSION = YES;
				CLANG_WARN_CONSTANT_CONVERSION = YES;
				CLANG_WARN_DIRECT_OBJC_ISA_USAGE = YES_ERROR;
				CLANG_WARN_EMPTY_BODY = YES;
				CLANG_WARN_ENUM_CONVERSION = YES;
				CLANG_WARN_INT_CONVERSION = YES;
				CLANG_WARN_OBJC_ROOT_CLASS = YES_ERROR;
				CLANG_WARN_UNREACHABLE_CODE = YES;
				CLANG_WARN__DUPLICATE_METHOD_MATCH = YES;
				"CODE_SIGN_IDENTITY[sdk=iphoneos*]" = "iPhone Developer";
				COPY_PHASE_STRIP = NO;
				DEBUG_INFORMATION_FORMAT = "dwarf-with-dsym";
				ENABLE_STRICT_OBJC_MSGSEND = YES;
				GCC_C_LANGUAGE_STANDARD = gnu99;
				GCC_DYNAMIC_NO_PIC = NO;
				GCC_NO_COMMON_BLOCKS = YES;
				GCC_OPTIMIZATION_LEVEL = 0;
				GCC_PREPROCESSOR_DEFINITIONS = (
					"DEBUG=1",
					"$(inherited)",
				);
				GCC_SYMBOLS_PRIVATE_EXTERN = NO;
				GCC_WARN_64_TO_32_BIT_CONVERSION = YES;
				GCC_WARN_ABOUT_RETURN_TYPE = YES_ERROR;
				GCC_WARN_UNDECLARED_SELECTOR = YES;
				GCC_WARN_UNINITIALIZED_AUTOS = YES_AGGRESSIVE;
				GCC_WARN_UNUSED_FUNCTION = YES;
				GCC_WARN_UNUSED_VARIABLE = YES;
				IPHONEOS_DEPLOYMENT_TARGET = 8.4;
				MTL_ENABLE_DEBUG_INFO = YES;
				ONLY_ACTIVE_ARCH = YES;
				SDKROOT = iphoneos;
				SWIFT_OPTIMIZATION_LEVEL = "-Onone";
				TARGETED_DEVICE_FAMILY = "1,2";
			};
			name = Debug;
		};
		D288D04F1B7BA642006B7DF5 /* Release */ = {
			isa = XCBuildConfiguration;
			buildSettings = {
				ALWAYS_SEARCH_USER_PATHS = NO;
				CLANG_CXX_LANGUAGE_STANDARD = "gnu++0x";
				CLANG_CXX_LIBRARY = "libc++";
				CLANG_ENABLE_MODULES = YES;
				CLANG_ENABLE_OBJC_ARC = YES;
				CLANG_WARN_BOOL_CONVERSION = YES;
				CLANG_WARN_CONSTANT_CONVERSION = YES;
				CLANG_WARN_DIRECT_OBJC_ISA_USAGE = YES_ERROR;
				CLANG_WARN_EMPTY_BODY = YES;
				CLANG_WARN_ENUM_CONVERSION = YES;
				CLANG_WARN_INT_CONVERSION = YES;
				CLANG_WARN_OBJC_ROOT_CLASS = YES_ERROR;
				CLANG_WARN_UNREACHABLE_CODE = YES;
				CLANG_WARN__DUPLICATE_METHOD_MATCH = YES;
				"CODE_SIGN_IDENTITY[sdk=iphoneos*]" = "iPhone Developer";
				COPY_PHASE_STRIP = NO;
				DEBUG_INFORMATION_FORMAT = "dwarf-with-dsym";
				ENABLE_NS_ASSERTIONS = NO;
				ENABLE_STRICT_OBJC_MSGSEND = YES;
				GCC_C_LANGUAGE_STANDARD = gnu99;
				GCC_NO_COMMON_BLOCKS = YES;
				GCC_WARN_64_TO_32_BIT_CONVERSION = YES;
				GCC_WARN_ABOUT_RETURN_TYPE = YES_ERROR;
				GCC_WARN_UNDECLARED_SELECTOR = YES;
				GCC_WARN_UNINITIALIZED_AUTOS = YES_AGGRESSIVE;
				GCC_WARN_UNUSED_FUNCTION = YES;
				GCC_WARN_UNUSED_VARIABLE = YES;
				IPHONEOS_DEPLOYMENT_TARGET = 8.4;
				MTL_ENABLE_DEBUG_INFO = NO;
				SDKROOT = iphoneos;
				TARGETED_DEVICE_FAMILY = "1,2";
				VALIDATE_PRODUCT = YES;
			};
			name = Release;
		};
		D288D0511B7BA642006B7DF5 /* Debug */ = {
			isa = XCBuildConfiguration;
			buildSettings = {
				ASSETCATALOG_COMPILER_APPICON_NAME = AppIcon;
				INFOPLIST_FILE = "space-invader-sprite-kit/Info.plist";
				LD_RUNPATH_SEARCH_PATHS = "$(inherited) @executable_path/Frameworks";
				PRODUCT_NAME = "$(TARGET_NAME)";
			};
			name = Debug;
		};
		D288D0521B7BA642006B7DF5 /* Release */ = {
			isa = XCBuildConfiguration;
			buildSettings = {
				ASSETCATALOG_COMPILER_APPICON_NAME = AppIcon;
				INFOPLIST_FILE = "space-invader-sprite-kit/Info.plist";
				LD_RUNPATH_SEARCH_PATHS = "$(inherited) @executable_path/Frameworks";
				PRODUCT_NAME = "$(TARGET_NAME)";
			};
			name = Release;
		};
		D288D0541B7BA642006B7DF5 /* Debug */ = {
			isa = XCBuildConfiguration;
			buildSettings = {
				BUNDLE_LOADER = "$(TEST_HOST)";
				FRAMEWORK_SEARCH_PATHS = (
					"$(SDKROOT)/Developer/Library/Frameworks",
					"$(inherited)",
				);
				GCC_PREPROCESSOR_DEFINITIONS = (
					"DEBUG=1",
					"$(inherited)",
				);
				INFOPLIST_FILE = "space-invader-sprite-kitTests/Info.plist";
				LD_RUNPATH_SEARCH_PATHS = "$(inherited) @executable_path/Frameworks @loader_path/Frameworks";
				PRODUCT_NAME = "$(TARGET_NAME)";
				TEST_HOST = "$(BUILT_PRODUCTS_DIR)/space-invader-sprite-kit.app/space-invader-sprite-kit";
			};
			name = Debug;
		};
		D288D0551B7BA642006B7DF5 /* Release */ = {
			isa = XCBuildConfiguration;
			buildSettings = {
				BUNDLE_LOADER = "$(TEST_HOST)";
				FRAMEWORK_SEARCH_PATHS = (
					"$(SDKROOT)/Developer/Library/Frameworks",
					"$(inherited)",
				);
				INFOPLIST_FILE = "space-invader-sprite-kitTests/Info.plist";
				LD_RUNPATH_SEARCH_PATHS = "$(inherited) @executable_path/Frameworks @loader_path/Frameworks";
				PRODUCT_NAME = "$(TARGET_NAME)";
				TEST_HOST = "$(BUILT_PRODUCTS_DIR)/space-invader-sprite-kit.app/space-invader-sprite-kit";
			};
			name = Release;
		};
/* End XCBuildConfiguration section */

/* Begin XCConfigurationList section */
		D288D0281B7BA642006B7DF5 /* Build configuration list for PBXProject "space-invader-sprite-kit" */ = {
			isa = XCConfigurationList;
			buildConfigurations = (
				D288D04E1B7BA642006B7DF5 /* Debug */,
				D288D04F1B7BA642006B7DF5 /* Release */,
			);
			defaultConfigurationIsVisible = 0;
			defaultConfigurationName = Release;
		};
		D288D0501B7BA642006B7DF5 /* Build configuration list for PBXNativeTarget "space-invader-sprite-kit" */ = {
			isa = XCConfigurationList;
			buildConfigurations = (
				D288D0511B7BA642006B7DF5 /* Debug */,
				D288D0521B7BA642006B7DF5 /* Release */,
			);
			defaultConfigurationIsVisible = 0;
		};
		D288D0531B7BA642006B7DF5 /* Build configuration list for PBXNativeTarget "space-invader-sprite-kitTests" */ = {
			isa = XCConfigurationList;
			buildConfigurations = (
				D288D0541B7BA642006B7DF5 /* Debug */,
				D288D0551B7BA642006B7DF5 /* Release */,
			);
			defaultConfigurationIsVisible = 0;
		};
/* End XCConfigurationList section */
	};
	rootObject = D288D0251B7BA642006B7DF5 /* Project object */;
}
